
Microsoft Visual Studio Solution File, Format Version 12.00
# Visual Studio Version 17
VisualStudioVersion = 17.11.35208.52
MinimumVisualStudioVersion = 10.0.40219.1
Project("{FAE04EC0-301F-11D3-BF4B-00C04F79EFBC}") = "WebApplication", "WebApplication.csproj", "{02A8D990-9A81-4457-A69D-7E6EC9563D0F}"
EndProject
Global
	GlobalSection(SolutionConfigurationPlatforms) = preSolution
		Debug|Any CPU = Debug|Any CPU
		Release|Any CPU = Release|Any CPU
	EndGlobalSection
	GlobalSection(ProjectConfigurationPlatforms) = postSolution
		{02A8D990-9A81-4457-A69D-7E6EC9563D0F}.Debug|Any CPU.ActiveCfg = Debug|Any CPU
		{02A8D990-9A81-4457-A69D-7E6EC9563D0F}.Debug|Any CPU.Build.0 = Debug|Any CPU
		{02A8D990-9A81-4457-A69D-7E6EC9563D0F}.Release|Any CPU.ActiveCfg = Release|Any CPU
		{02A8D990-9A81-4457-A69D-7E6EC9563D0F}.Release|Any CPU.Build.0 = Release|Any CPU
	EndGlobalSection
	GlobalSection(SolutionProperties) = preSolution
		HideSolutionNode = FALSE
	EndGlobalSection
	GlobalSection(ExtensibilityGlobals) = postSolution
		SolutionGuid = {8E874620-F011-4BBF-8A21-89ADA7F37777}
	EndGlobalSection
EndGlobal
