
Microsoft Visual Studio Solution File, Format Version 12.00
# Visual Studio Version 17
VisualStudioVersion = 17.11.35208.52
MinimumVisualStudioVersion = 10.0.40219.1
Project("{FAE04EC0-301F-11D3-BF4B-00C04F79EFBC}") = "WebAPI", "WebAPI.csproj", "{4D45051D-4205-416C-85E4-9CB363A99A00}"
EndProject
Global
	GlobalSection(SolutionConfigurationPlatforms) = preSolution
		Debug|Any CPU = Debug|Any CPU
		Release|Any CPU = Release|Any CPU
	EndGlobalSection
	GlobalSection(ProjectConfigurationPlatforms) = postSolution
		{4D45051D-4205-416C-85E4-9CB363A99A00}.Debug|Any CPU.ActiveCfg = Debug|Any CPU
		{4D45051D-4205-416C-85E4-9CB363A99A00}.Debug|Any CPU.Build.0 = Debug|Any CPU
		{4D45051D-4205-416C-85E4-9CB363A99A00}.Release|Any CPU.ActiveCfg = Release|Any CPU
		{4D45051D-4205-416C-85E4-9CB363A99A00}.Release|Any CPU.Build.0 = Release|Any CPU
	EndGlobalSection
	GlobalSection(SolutionProperties) = preSolution
		HideSolutionNode = FALSE
	EndGlobalSection
	GlobalSection(ExtensibilityGlobals) = postSolution
		SolutionGuid = {7EE22719-6384-4BC1-B103-5132D468F968}
	EndGlobalSection
EndGlobal
